
Microsoft Visual Studio Solution File, Format Version 12.00
# Visual Studio Version 17
VisualStudioVersion = 17.5.002.0
MinimumVisualStudioVersion = 10.0.40219.1
Project("{9A19103F-16F7-4668-BE54-9A1E7A4F7556}") = "RockPaperScissors", "RockPaperScissors.csproj", "{44E0EDCC-7193-4F8D-A4A5-035FD1863D65}"
EndProject
Global
	GlobalSection(SolutionConfigurationPlatforms) = preSolution
		Debug|Any CPU = Debug|Any CPU
		Release|Any CPU = Release|Any CPU
	EndGlobalSection
	GlobalSection(ProjectConfigurationPlatforms) = postSolution
		{44E0EDCC-7193-4F8D-A4A5-035FD1863D65}.Debug|Any CPU.ActiveCfg = Debug|Any CPU
		{44E0EDCC-7193-4F8D-A4A5-035FD1863D65}.Debug|Any CPU.Build.0 = Debug|Any CPU
		{44E0EDCC-7193-4F8D-A4A5-035FD1863D65}.Release|Any CPU.ActiveCfg = Release|Any CPU
		{44E0EDCC-7193-4F8D-A4A5-035FD1863D65}.Release|Any CPU.Build.0 = Release|Any CPU
	EndGlobalSection
	GlobalSection(SolutionProperties) = preSolution
		HideSolutionNode = FALSE
	EndGlobalSection
	GlobalSection(ExtensibilityGlobals) = postSolution
		SolutionGuid = {4C3CF904-1079-463C-99BA-77C45A79B0F4}
	EndGlobalSection
EndGlobal
